
Microsoft Visual Studio Solution File, Format Version 12.00
# Visual Studio 14
VisualStudioVersion = 14.0.23107.0
MinimumVisualStudioVersion = 10.0.40219.1
Project("{FAE04EC0-301F-11D3-BF4B-00C04F79EFBC}") = "CloudPhoenix.UI", "CloudPhoenix.UI\CloudPhoenix.UI.csproj", "{0BC7394E-D80E-4C7B-BDBF-84393536AECD}"
EndProject
Project("{FAE04EC0-301F-11D3-BF4B-00C04F79EFBC}") = "CloudPhoenix.Common", "CloudPhoenix.Common\CloudPhoenix.Common.csproj", "{1EC0A605-7CF9-43E6-9076-F9836BD5D90D}"
EndProject
Project("{FAE04EC0-301F-11D3-BF4B-00C04F79EFBC}") = "CloudPhoenix.Infra.Domain", "CloudPhoenix.Infra.Domain\CloudPhoenix.Infra.Domain.csproj", "{7D9C927D-3615-42A0-829D-8A6658DF87B0}"
EndProject
Project("{8BB2217D-0F2D-49D1-97BC-3654ED321F3B}") = "CloudPhoenix.Model", "CloudPhoenix.Model\CloudPhoenix.Model.xproj", "{96EA6392-39F0-46E2-9958-A3EA2B2C1A99}"
EndProject
Global
	GlobalSection(SolutionConfigurationPlatforms) = preSolution
		Debug|Any CPU = Debug|Any CPU
		Release|Any CPU = Release|Any CPU
	EndGlobalSection
	GlobalSection(ProjectConfigurationPlatforms) = postSolution
		{0BC7394E-D80E-4C7B-BDBF-84393536AECD}.Debug|Any CPU.ActiveCfg = Debug|Any CPU
		{0BC7394E-D80E-4C7B-BDBF-84393536AECD}.Debug|Any CPU.Build.0 = Debug|Any CPU
		{0BC7394E-D80E-4C7B-BDBF-84393536AECD}.Release|Any CPU.ActiveCfg = Release|Any CPU
		{0BC7394E-D80E-4C7B-BDBF-84393536AECD}.Release|Any CPU.Build.0 = Release|Any CPU
		{1EC0A605-7CF9-43E6-9076-F9836BD5D90D}.Debug|Any CPU.ActiveCfg = Debug|Any CPU
		{1EC0A605-7CF9-43E6-9076-F9836BD5D90D}.Debug|Any CPU.Build.0 = Debug|Any CPU
		{1EC0A605-7CF9-43E6-9076-F9836BD5D90D}.Release|Any CPU.ActiveCfg = Release|Any CPU
		{1EC0A605-7CF9-43E6-9076-F9836BD5D90D}.Release|Any CPU.Build.0 = Release|Any CPU
		{7D9C927D-3615-42A0-829D-8A6658DF87B0}.Debug|Any CPU.ActiveCfg = Debug|Any CPU
		{7D9C927D-3615-42A0-829D-8A6658DF87B0}.Debug|Any CPU.Build.0 = Debug|Any CPU
		{7D9C927D-3615-42A0-829D-8A6658DF87B0}.Release|Any CPU.ActiveCfg = Release|Any CPU
		{7D9C927D-3615-42A0-829D-8A6658DF87B0}.Release|Any CPU.Build.0 = Release|Any CPU
		{96EA6392-39F0-46E2-9958-A3EA2B2C1A99}.Debug|Any CPU.ActiveCfg = Debug|Any CPU
		{96EA6392-39F0-46E2-9958-A3EA2B2C1A99}.Debug|Any CPU.Build.0 = Debug|Any CPU
		{96EA6392-39F0-46E2-9958-A3EA2B2C1A99}.Release|Any CPU.ActiveCfg = Release|Any CPU
		{96EA6392-39F0-46E2-9958-A3EA2B2C1A99}.Release|Any CPU.Build.0 = Release|Any CPU
	EndGlobalSection
	GlobalSection(SolutionProperties) = preSolution
		HideSolutionNode = FALSE
	EndGlobalSection
EndGlobal
